
Microsoft Visual Studio Solution File, Format Version 12.00
# Visual Studio Version 17
VisualStudioVersion = 17.9.34723.18
MinimumVisualStudioVersion = 10.0.40219.1
Project("{FAE04EC0-301F-11D3-BF4B-00C04F79EFBC}") = "Text_pole", "Text_pole\Text_pole.csproj", "{AE4C18C5-F13C-45D7-A376-1101FB09E8CE}"
EndProject
Global
	GlobalSection(SolutionConfigurationPlatforms) = preSolution
		Debug|Any CPU = Debug|Any CPU
		Release|Any CPU = Release|Any CPU
	EndGlobalSection
	GlobalSection(ProjectConfigurationPlatforms) = postSolution
		{AE4C18C5-F13C-45D7-A376-1101FB09E8CE}.Debug|Any CPU.ActiveCfg = Debug|Any CPU
		{AE4C18C5-F13C-45D7-A376-1101FB09E8CE}.Debug|Any CPU.Build.0 = Debug|Any CPU
		{AE4C18C5-F13C-45D7-A376-1101FB09E8CE}.Release|Any CPU.ActiveCfg = Release|Any CPU
		{AE4C18C5-F13C-45D7-A376-1101FB09E8CE}.Release|Any CPU.Build.0 = Release|Any CPU
	EndGlobalSection
	GlobalSection(SolutionProperties) = preSolution
		HideSolutionNode = FALSE
	EndGlobalSection
	GlobalSection(ExtensibilityGlobals) = postSolution
		SolutionGuid = {753A9AF0-36B6-4409-9BC2-371CDF1F4F2C}
	EndGlobalSection
EndGlobal
